
Microsoft Visual Studio Solution File, Format Version 12.00
# Visual Studio Version 17
VisualStudioVersion = 17.1.32210.238
MinimumVisualStudioVersion = 10.0.40219.1
Project("{FAE04EC0-301F-11D3-BF4B-00C04F79EFBC}") = "Finaldayexam", "Finaldayexam.csproj", "{548E8227-C658-4315-9A30-4D5A91DAF03A}"
EndProject
Global
	GlobalSection(SolutionConfigurationPlatforms) = preSolution
		Debug|Any CPU = Debug|Any CPU
		Release|Any CPU = Release|Any CPU
	EndGlobalSection
	GlobalSection(ProjectConfigurationPlatforms) = postSolution
		{548E8227-C658-4315-9A30-4D5A91DAF03A}.Debug|Any CPU.ActiveCfg = Debug|Any CPU
		{548E8227-C658-4315-9A30-4D5A91DAF03A}.Debug|Any CPU.Build.0 = Debug|Any CPU
		{548E8227-C658-4315-9A30-4D5A91DAF03A}.Release|Any CPU.ActiveCfg = Release|Any CPU
		{548E8227-C658-4315-9A30-4D5A91DAF03A}.Release|Any CPU.Build.0 = Release|Any CPU
	EndGlobalSection
	GlobalSection(SolutionProperties) = preSolution
		HideSolutionNode = FALSE
	EndGlobalSection
	GlobalSection(ExtensibilityGlobals) = postSolution
		SolutionGuid = {0E6D6B54-DC2E-4F4D-AF9C-BDA0E27CE756}
	EndGlobalSection
EndGlobal
